
Microsoft Visual Studio Solution File, Format Version 12.00
# Visual Studio Version 17
VisualStudioVersion = 17.2.32519.379
MinimumVisualStudioVersion = 10.0.40219.1
Project("{FAE04EC0-301F-11D3-BF4B-00C04F79EFBC}") = "SimCardApplication", "SimCardApplication\SimCardApplication.csproj", "{A94B69F6-5994-4E00-8EA4-C79BDFC99059}"
EndProject
Project("{FAE04EC0-301F-11D3-BF4B-00C04F79EFBC}") = "UnitTestProject1", "UnitTestProject1\UnitTestProject1.csproj", "{62F21213-DA08-4AC8-B21A-A7FEF6D934E7}"
EndProject
Global
	GlobalSection(SolutionConfigurationPlatforms) = preSolution
		Debug|Any CPU = Debug|Any CPU
		Release|Any CPU = Release|Any CPU
	EndGlobalSection
	GlobalSection(ProjectConfigurationPlatforms) = postSolution
		{A94B69F6-5994-4E00-8EA4-C79BDFC99059}.Debug|Any CPU.ActiveCfg = Debug|Any CPU
		{A94B69F6-5994-4E00-8EA4-C79BDFC99059}.Debug|Any CPU.Build.0 = Debug|Any CPU
		{A94B69F6-5994-4E00-8EA4-C79BDFC99059}.Release|Any CPU.ActiveCfg = Release|Any CPU
		{A94B69F6-5994-4E00-8EA4-C79BDFC99059}.Release|Any CPU.Build.0 = Release|Any CPU
		{62F21213-DA08-4AC8-B21A-A7FEF6D934E7}.Debug|Any CPU.ActiveCfg = Debug|Any CPU
		{62F21213-DA08-4AC8-B21A-A7FEF6D934E7}.Debug|Any CPU.Build.0 = Debug|Any CPU
		{62F21213-DA08-4AC8-B21A-A7FEF6D934E7}.Release|Any CPU.ActiveCfg = Release|Any CPU
		{62F21213-DA08-4AC8-B21A-A7FEF6D934E7}.Release|Any CPU.Build.0 = Release|Any CPU
	EndGlobalSection
	GlobalSection(SolutionProperties) = preSolution
		HideSolutionNode = FALSE
	EndGlobalSection
	GlobalSection(ExtensibilityGlobals) = postSolution
		SolutionGuid = {534A3482-22F9-4CEE-8C90-CAE2A226BD29}
	EndGlobalSection
EndGlobal
